
Microsoft Visual Studio Solution File, Format Version 12.00
# Visual Studio Version 16
VisualStudioVersion = 16.0.30717.126
MinimumVisualStudioVersion = 10.0.40219.1
Project("{FAE04EC0-301F-11D3-BF4B-00C04F79EFBC}") = "Assesment9", "Assesment9.csproj", "{677BFF2F-35AC-408A-81B7-F7B5D53EEB8D}"
EndProject
Global
	GlobalSection(SolutionConfigurationPlatforms) = preSolution
		Debug|Any CPU = Debug|Any CPU
		Release|Any CPU = Release|Any CPU
	EndGlobalSection
	GlobalSection(ProjectConfigurationPlatforms) = postSolution
		{677BFF2F-35AC-408A-81B7-F7B5D53EEB8D}.Debug|Any CPU.ActiveCfg = Debug|Any CPU
		{677BFF2F-35AC-408A-81B7-F7B5D53EEB8D}.Debug|Any CPU.Build.0 = Debug|Any CPU
		{677BFF2F-35AC-408A-81B7-F7B5D53EEB8D}.Release|Any CPU.ActiveCfg = Release|Any CPU
		{677BFF2F-35AC-408A-81B7-F7B5D53EEB8D}.Release|Any CPU.Build.0 = Release|Any CPU
	EndGlobalSection
	GlobalSection(SolutionProperties) = preSolution
		HideSolutionNode = FALSE
	EndGlobalSection
	GlobalSection(ExtensibilityGlobals) = postSolution
		SolutionGuid = {6C50E4A1-3A63-4841-8099-75C07BA0BB29}
	EndGlobalSection
EndGlobal
